
Microsoft Visual Studio Solution File, Format Version 12.00
# Visual Studio Version 17
VisualStudioVersion = 17.8.34408.163
MinimumVisualStudioVersion = 10.0.40219.1
Project("{9A19103F-16F7-4668-BE54-9A1E7A4F7556}") = "IterationBasics", "IterationBasics\IterationBasics.csproj", "{DE9C5BD2-1BEB-461E-BAAE-3F232515EDD4}"
EndProject
Project("{FAE04EC0-301F-11D3-BF4B-00C04F79EFBC}") = "Calculator", "Calculator\Calculator.csproj", "{34C37C0F-A0B9-490F-A41E-09BCD6F5645F}"
EndProject
Project("{FAE04EC0-301F-11D3-BF4B-00C04F79EFBC}") = "FormatOutput", "FormatOutput\FormatOutput.csproj", "{A51B5737-1687-4572-94FD-5ACDFD4A846D}"
EndProject
Global
	GlobalSection(SolutionConfigurationPlatforms) = preSolution
		Debug|Any CPU = Debug|Any CPU
		Release|Any CPU = Release|Any CPU
	EndGlobalSection
	GlobalSection(ProjectConfigurationPlatforms) = postSolution
		{DE9C5BD2-1BEB-461E-BAAE-3F232515EDD4}.Debug|Any CPU.ActiveCfg = Debug|Any CPU
		{DE9C5BD2-1BEB-461E-BAAE-3F232515EDD4}.Debug|Any CPU.Build.0 = Debug|Any CPU
		{DE9C5BD2-1BEB-461E-BAAE-3F232515EDD4}.Release|Any CPU.ActiveCfg = Release|Any CPU
		{DE9C5BD2-1BEB-461E-BAAE-3F232515EDD4}.Release|Any CPU.Build.0 = Release|Any CPU
		{34C37C0F-A0B9-490F-A41E-09BCD6F5645F}.Debug|Any CPU.ActiveCfg = Debug|Any CPU
		{34C37C0F-A0B9-490F-A41E-09BCD6F5645F}.Debug|Any CPU.Build.0 = Debug|Any CPU
		{34C37C0F-A0B9-490F-A41E-09BCD6F5645F}.Release|Any CPU.ActiveCfg = Release|Any CPU
		{34C37C0F-A0B9-490F-A41E-09BCD6F5645F}.Release|Any CPU.Build.0 = Release|Any CPU
		{A51B5737-1687-4572-94FD-5ACDFD4A846D}.Debug|Any CPU.ActiveCfg = Debug|Any CPU
		{A51B5737-1687-4572-94FD-5ACDFD4A846D}.Debug|Any CPU.Build.0 = Debug|Any CPU
		{A51B5737-1687-4572-94FD-5ACDFD4A846D}.Release|Any CPU.ActiveCfg = Release|Any CPU
		{A51B5737-1687-4572-94FD-5ACDFD4A846D}.Release|Any CPU.Build.0 = Release|Any CPU
	EndGlobalSection
	GlobalSection(SolutionProperties) = preSolution
		HideSolutionNode = FALSE
	EndGlobalSection
	GlobalSection(ExtensibilityGlobals) = postSolution
		SolutionGuid = {2724CDDC-37A8-4A15-8317-FC211CE0EBA3}
	EndGlobalSection
EndGlobal
